// !$*UTF8*$!
{
	archiveVersion = 1;
	classes = {
	};
	objectVersion = 50;
	objects = {

/* Begin PBXBuildFile section */
		8D8A9752243C5CC2006A762E /* MyScene.rcproject in Sources */ = {isa = PBXBuildFile; fileRef = 8D8A9751243C5BAA006A762E /* MyScene.rcproject */; };
		8DF55FA8243C52A2006510F3 /* AppDelegate.swift in Sources */ = {isa = PBXBuildFile; fileRef = 8DF55FA7243C52A2006510F3 /* AppDelegate.swift */; };
		8DF55FAA243C52A2006510F3 /* ViewController.swift in Sources */ = {isa = PBXBuildFile; fileRef = 8DF55FA9243C52A2006510F3 /* ViewController.swift */; };
		8DF55FAF243C52A2006510F3 /* Main.storyboard in Resources */ = {isa = PBXBuildFile; fileRef = 8DF55FAD243C52A2006510F3 /* Main.storyboard */; };
		8DF55FB1243C52A4006510F3 /* Assets.xcassets in Resources */ = {isa = PBXBuildFile; fileRef = 8DF55FB0243C52A4006510F3 /* Assets.xcassets */; };
		8DF55FB4243C52A4006510F3 /* LaunchScreen.storyboard in Resources */ = {isa = PBXBuildFile; fileRef = 8DF55FB2243C52A4006510F3 /* LaunchScreen.storyboard */; };
/* End PBXBuildFile section */

/* Begin PBXFileReference section */
		8D8A9751243C5BAA006A762E /* MyScene.rcproject */ = {isa = PBXFileReference; lastKnownFileType = file.rcproject; path = MyScene.rcproject; sourceTree = "<group>"; };
		8DF55FA4243C52A2006510F3 /* MemoryCard.app */ = {isa = PBXFileReference; explicitFileType = wrapper.application; includeInIndex = 0; path = MemoryCard.app; sourceTree = BUILT_PRODUCTS_DIR; };
		8DF55FA7243C52A2006510F3 /* AppDelegate.swift */ = {isa = PBXFileReference; lastKnownFileType = sourcecode.swift; path = AppDelegate.swift; sourceTree = "<group>"; };
		8DF55FA9243C52A2006510F3 /* ViewController.swift */ = {isa = PBXFileReference; lastKnownFileType = sourcecode.swift; path = ViewController.swift; sourceTree = "<group>"; };
		8DF55FAE243C52A2006510F3 /* Base */ = {isa = PBXFileReference; lastKnownFileType = file.storyboard; name = Base; path = Base.lproj/Main.storyboard; sourceTree = "<group>"; };
		8DF55FB0243C52A4006510F3 /* Assets.xcassets */ = {isa = PBXFileReference; lastKnownFileType = folder.assetcatalog; path = Assets.xcassets; sourceTree = "<group>"; };
		8DF55FB3243C52A4006510F3 /* Base */ = {isa = PBXFileReference; lastKnownFileType = file.storyboard; name = Base; path = Base.lproj/LaunchScreen.storyboard; sourceTree = "<group>"; };
		8DF55FB5243C52A4006510F3 /* Info.plist */ = {isa = PBXFileReference; lastKnownFileType = text.plist.xml; path = Info.plist; sourceTree = "<group>"; };
/* End PBXFileReference section */

/* Begin PBXFrameworksBuildPhase section */
		8DF55FA1243C52A2006510F3 /* Frameworks */ = {
			isa = PBXFrameworksBuildPhase;
			buildActionMask = 2147483647;
			files = (
			);
			runOnlyForDeploymentPostprocessing = 0;
		};
/* End PBXFrameworksBuildPhase section */

/* Begin PBXGroup section */
		8DF55F9B243C52A2006510F3 = {
			isa = PBXGroup;
			children = (
				8DF55FA6243C52A2006510F3 /* MemoryCard */,
				8DF55FA5243C52A2006510F3 /* Products */,
			);
			sourceTree = "<group>";
		};
		8DF55FA5243C52A2006510F3 /* Products */ = {
			isa = PBXGroup;
			children = (
				8DF55FA4243C52A2006510F3 /* MemoryCard.app */,
			);
			name = Products;
			sourceTree = "<group>";
		};
		8DF55FA6243C52A2006510F3 /* MemoryCard */ = {
			isa = PBXGroup;
			children = (
				8DF55FA7243C52A2006510F3 /* AppDelegate.swift */,
				8DF55FA9243C52A2006510F3 /* ViewController.swift */,
				8DF55FAD243C52A2006510F3 /* Main.storyboard */,
				8DF55FB0243C52A4006510F3 /* Assets.xcassets */,
				8DF55FB2243C52A4006510F3 /* LaunchScreen.storyboard */,
				8DF55FB5243C52A4006510F3 /* Info.plist */,
				8D8A9751243C5BAA006A762E /* MyScene.rcproject */,
			);
			path = MemoryCard;
			sourceTree = "<group>";
		};
/* End PBXGroup section */

/* Begin PBXNativeTarget section */
		8DF55FA3243C52A2006510F3 /* MemoryCard */ = {
			isa = PBXNativeTarget;
			buildConfigurationList = 8DF55FB8243C52A4006510F3 /* Build configuration list for PBXNativeTarget "MemoryCard" */;
			buildPhases = (
				8DF55FA0243C52A2006510F3 /* Sources */,
				8DF55FA1243C52A2006510F3 /* Frameworks */,
				8DF55FA2243C52A2006510F3 /* Resources */,
			);
			buildRules = (
			);
			dependencies = (
			);
			name = MemoryCard;
			productName = MemoryCard;
			productReference = 8DF55FA4243C52A2006510F3 /* MemoryCard.app */;
			productType = "com.apple.product-type.application";
		};
/* End PBXNativeTarget section */

/* Begin PBXProject section */
		8DF55F9C243C52A2006510F3 /* Project object */ = {
			isa = PBXProject;
			attributes = {
				LastSwiftUpdateCheck = 1140;
				LastUpgradeCheck = 1140;
				ORGANIZATIONNAME = MM;
				TargetAttributes = {
					8DF55FA3243C52A2006510F3 = {
						CreatedOnToolsVersion = 11.4;
					};
				};
			};
			buildConfigurationList = 8DF55F9F243C52A2006510F3 /* Build configuration list for PBXProject "MemoryCard" */;
			compatibilityVersion = "Xcode 9.3";
			developmentRegion = en;
			hasScannedForEncodings = 0;
			knownRegions = (
				en,
				Base,
			);
			mainGroup = 8DF55F9B243C52A2006510F3;
			productRefGroup = 8DF55FA5243C52A2006510F3 /* Products */;
			projectDirPath = "";
			projectRoot = "";
			targets = (
				8DF55FA3243C52A2006510F3 /* MemoryCard */,
			);
		};
/* End PBXProject section */

/* Begin PBXResourcesBuildPhase section */
		8DF55FA2243C52A2006510F3 /* Resources */ = {
			isa = PBXResourcesBuildPhase;
			buildActionMask = 2147483647;
			files = (
				8DF55FB4243C52A4006510F3 /* LaunchScreen.storyboard in Resources */,
				8DF55FB1243C52A4006510F3 /* Assets.xcassets in Resources */,
				8DF55FAF243C52A2006510F3 /* Main.storyboard in Resources */,
			);
			runOnlyForDeploymentPostprocessing = 0;
		};
/* End PBXResourcesBuildPhase section */

/* Begin PBXSourcesBuildPhase section */
		8DF55FA0243C52A2006510F3 /* Sources */ = {
			isa = PBXSourcesBuildPhase;
			buildActionMask = 2147483647;
			files = (
				8DF55FAA243C52A2006510F3 /* ViewController.swift in Sources */,
				8DF55FA8243C52A2006510F3 /* AppDelegate.swift in Sources */,
				8D8A9752243C5CC2006A762E /* MyScene.rcproject in Sources */,
			);
			runOnlyForDeploymentPostprocessing = 0;
		};
/* End PBXSourcesBuildPhase section */

/* Begin PBXVariantGroup section */
		8DF55FAD243C52A2006510F3 /* Main.storyboard */ = {
			isa = PBXVariantGroup;
			children = (
				8DF55FAE243C52A2006510F3 /* Base */,
			);
			name = Main.storyboard;
			sourceTree = "<group>";
		};
		8DF55FB2243C52A4006510F3 /* LaunchScreen.storyboard */ = {
			isa = PBXVariantGroup;
			children = (
				8DF55FB3243C52A4006510F3 /* Base */,
			);
			name = LaunchScreen.storyboard;
			sourceTree = "<group>";
		};
/* End PBXVariantGroup section */

/* Begin XCBuildConfiguration section */
		8DF55FB6243C52A4006510F3 /* Debug */ = {
			isa = XCBuildConfiguration;
			buildSettings = {
				ALWAYS_SEARCH_USER_PATHS = NO;
				CLANG_ANALYZER_NONNULL = YES;
				CLANG_ANALYZER_NUMBER_OBJECT_CONVERSION = YES_AGGRESSIVE;
				CLANG_CXX_LANGUAGE_STANDARD = "gnu++14";
				CLANG_CXX_LIBRARY = "libc++";
				CLANG_ENABLE_MODULES = YES;
				CLANG_ENABLE_OBJC_ARC = YES;
				CLANG_ENABLE_OBJC_WEAK = YES;
				CLANG_WARN_BLOCK_CAPTURE_AUTORELEASING = YES;
				CLANG_WARN_BOOL_CONVERSION = YES;
				CLANG_WARN_COMMA = YES;
				CLANG_WARN_CONSTANT_CONVERSION = YES;
				CLANG_WARN_DEPRECATED_OBJC_IMPLEMENTATIONS = YES;
				CLANG_WARN_DIRECT_OBJC_ISA_USAGE = YES_ERROR;
				CLANG_WARN_DOCUMENTATION_COMMENTS = YES;
				CLANG_WARN_EMPTY_BODY = YES;
				CLANG_WARN_ENUM_CONVERSION = YES;
				CLANG_WARN_INFINITE_RECURSION = YES;
				CLANG_WARN_INT_CONVERSION = YES;
				CLANG_WARN_NON_LITERAL_NULL_CONVERSION = YES;
				CLANG_WARN_OBJC_IMPLICIT_RETAIN_SELF = YES;
				CLANG_WARN_OBJC_LITERAL_CONVERSION = YES;
				CLANG_WARN_OBJC_ROOT_CLASS = YES_ERROR;
				CLANG_WARN_RANGE_LOOP_ANALYSIS = YES;
				CLANG_WARN_STRICT_PROTOTYPES = YES;
				CLANG_WARN_SUSPICIOUS_MOVE = YES;
				CLANG_WARN_UNGUARDED_AVAILABILITY = YES_AGGRESSIVE;
				CLANG_WARN_UNREACHABLE_CODE = YES;
				CLANG_WARN__DUPLICATE_METHOD_MATCH = YES;
				COPY_PHASE_STRIP = NO;
				DEBUG_INFORMATION_FORMAT = dwarf;
				ENABLE_STRICT_OBJC_MSGSEND = YES;
				ENABLE_TESTABILITY = YES;
				GCC_C_LANGUAGE_STANDARD = gnu11;
				GCC_DYNAMIC_NO_PIC = NO;
				GCC_NO_COMMON_BLOCKS = YES;
				GCC_OPTIMIZATION_LEVEL = 0;
				GCC_PREPROCESSOR_DEFINITIONS = (
					"DEBUG=1",
					"$(inherited)",
				);
				GCC_WARN_64_TO_32_BIT_CONVERSION = YES;
				GCC_WARN_ABOUT_RETURN_TYPE = YES_ERROR;
				GCC_WARN_UNDECLARED_SELECTOR = YES;
				GCC_WARN_UNINITIALIZED_AUTOS = YES_AGGRESSIVE;
				GCC_WARN_UNUSED_FUNCTION = YES;
				GCC_WARN_UNUSED_VARIABLE = YES;
				IPHONEOS_DEPLOYMENT_TARGET = 13.4;
				MTL_ENABLE_DEBUG_INFO = INCLUDE_SOURCE;
				MTL_FAST_MATH = YES;
				ONLY_ACTIVE_ARCH = YES;
				SDKROOT = iphoneos;
				SWIFT_ACTIVE_COMPILATION_CONDITIONS = DEBUG;
				SWIFT_OPTIMIZATION_LEVEL = "-Onone";
			};
			name = Debug;
		};
		8DF55FB7243C52A4006510F3 /* Release */ = {
			isa = XCBuildConfiguration;
			buildSettings = {
				ALWAYS_SEARCH_USER_PATHS = NO;
				CLANG_ANALYZER_NONNULL = YES;
				CLANG_ANALYZER_NUMBER_OBJECT_CONVERSION = YES_AGGRESSIVE;
				CLANG_CXX_LANGUAGE_STANDARD = "gnu++14";
				CLANG_CXX_LIBRARY = "libc++";
				CLANG_ENABLE_MODULES = YES;
				CLANG_ENABLE_OBJC_ARC = YES;
				CLANG_ENABLE_OBJC_WEAK = YES;
				CLANG_WARN_BLOCK_CAPTURE_AUTORELEASING = YES;
				CLANG_WARN_BOOL_CONVERSION = YES;
				CLANG_WARN_COMMA = YES;
				CLANG_WARN_CONSTANT_CONVERSION = YES;
				CLANG_WARN_DEPRECATED_OBJC_IMPLEMENTATIONS = YES;
				CLANG_WARN_DIRECT_OBJC_ISA_USAGE = YES_ERROR;
				CLANG_WARN_DOCUMENTATION_COMMENTS = YES;
				CLANG_WARN_EMPTY_BODY = YES;
				CLANG_WARN_ENUM_CONVERSION = YES;
				CLANG_WARN_INFINITE_RECURSION = YES;
				CLANG_WARN_INT_CONVERSION = YES;
				CLANG_WARN_NON_LITERAL_NULL_CONVERSION = YES;
				CLANG_WARN_OBJC_IMPLICIT_RETAIN_SELF = YES;
				CLANG_WARN_OBJC_LITERAL_CONVERSION = YES;
				CLANG_WARN_OBJC_ROOT_CLASS = YES_ERROR;
				CLANG_WARN_RANGE_LOOP_ANALYSIS = YES;
				CLANG_WARN_STRICT_PROTOTYPES = YES;
				CLANG_WARN_SUSPICIOUS_MOVE = YES;
				CLANG_WARN_UNGUARDED_AVAILABILITY = YES_AGGRESSIVE;
				CLANG_WARN_UNREACHABLE_CODE = YES;
				CLANG_WARN__DUPLICATE_METHOD_MATCH = YES;
				COPY_PHASE_STRIP = NO;
				DEBUG_INFORMATION_FORMAT = "dwarf-with-dsym";
				ENABLE_NS_ASSERTIONS = NO;
				ENABLE_STRICT_OBJC_MSGSEND = YES;
				GCC_C_LANGUAGE_STANDARD = gnu11;
				GCC_NO_COMMON_BLOCKS = YES;
				GCC_WARN_64_TO_32_BIT_CONVERSION = YES;
				GCC_WARN_ABOUT_RETURN_TYPE = YES_ERROR;
				GCC_WARN_UNDECLARED_SELECTOR = YES;
				GCC_WARN_UNINITIALIZED_AUTOS = YES_AGGRESSIVE;
				GCC_WARN_UNUSED_FUNCTION = YES;
				GCC_WARN_UNUSED_VARIABLE = YES;
				IPHONEOS_DEPLOYMENT_TARGET = 13.4;
				MTL_ENABLE_DEBUG_INFO = NO;
				MTL_FAST_MATH = YES;
				SDKROOT = iphoneos;
				SWIFT_COMPILATION_MODE = wholemodule;
				SWIFT_OPTIMIZATION_LEVEL = "-O";
				VALIDATE_PRODUCT = YES;
			};
			name = Release;
		};
		8DF55FB9243C52A4006510F3 /* Debug */ = {
			isa = XCBuildConfiguration;
			buildSettings = {
				ASSETCATALOG_COMPILER_APPICON_NAME = AppIcon;
				CODE_SIGN_STYLE = Automatic;
				DEVELOPMENT_TEAM = L334R88X2F;
				INFOPLIST_FILE = MemoryCard/Info.plist;
				LD_RUNPATH_SEARCH_PATHS = (
					"$(inherited)",
					"@executable_path/Frameworks",
				);
				PRODUCT_BUNDLE_IDENTIFIER = com.nguyenvietmy.MemoryCard;
				PRODUCT_NAME = "$(TARGET_NAME)";
				SWIFT_VERSION = 5.0;
				TARGETED_DEVICE_FAMILY = "1,2";
			};
			name = Debug;
		};
		8DF55FBA243C52A4006510F3 /* Release */ = {
			isa = XCBuildConfiguration;
			buildSettings = {
				ASSETCATALOG_COMPILER_APPICON_NAME = AppIcon;
				CODE_SIGN_STYLE = Automatic;
				DEVELOPMENT_TEAM = L334R88X2F;
				INFOPLIST_FILE = MemoryCard/Info.plist;
				LD_RUNPATH_SEARCH_PATHS = (
					"$(inherited)",
					"@executable_path/Frameworks",
				);
				PRODUCT_BUNDLE_IDENTIFIER = com.nguyenvietmy.MemoryCard;
				PRODUCT_NAME = "$(TARGET_NAME)";
				SWIFT_VERSION = 5.0;
				TARGETED_DEVICE_FAMILY = "1,2";
			};
			name = Release;
		};
/* End XCBuildConfiguration section */

/* Begin XCConfigurationList section */
		8DF55F9F243C52A2006510F3 /* Build configuration list for PBXProject "MemoryCard" */ = {
			isa = XCConfigurationList;
			buildConfigurations = (
				8DF55FB6243C52A4006510F3 /* Debug */,
				8DF55FB7243C52A4006510F3 /* Release */,
			);
			defaultConfigurationIsVisible = 0;
			defaultConfigurationName = Release;
		};
		8DF55FB8243C52A4006510F3 /* Build configuration list for PBXNativeTarget "MemoryCard" */ = {
			isa = XCConfigurationList;
			buildConfigurations = (
				8DF55FB9243C52A4006510F3 /* Debug */,
				8DF55FBA243C52A4006510F3 /* Release */,
			);
			defaultConfigurationIsVisible = 0;
			defaultConfigurationName = Release;
		};
/* End XCConfigurationList section */
	};
	rootObject = 8DF55F9C243C52A2006510F3 /* Project object */;
}
